
Microsoft Visual Studio Solution File, Format Version 12.00
# Visual Studio Version 16
VisualStudioVersion = 16.0.29806.167
MinimumVisualStudioVersion = 10.0.40219.1
Project("{9A19103F-16F7-4668-BE54-9A1E7A4F7556}") = "AVL Bush", "AVL Bush\AVL Bush.csproj", "{7CE60BE6-B63F-40C1-86FF-031B8A74B6D1}"
EndProject
Project("{FAE04EC0-301F-11D3-BF4B-00C04F79EFBC}") = "BortedBet.Tests", "BortedBet.Tests\BortedBet.Tests.csproj", "{9C63F018-F995-400A-A473-B73FD3F52597}"
EndProject
Global
	GlobalSection(SolutionConfigurationPlatforms) = preSolution
		Debug|Any CPU = Debug|Any CPU
		Release|Any CPU = Release|Any CPU
	EndGlobalSection
	GlobalSection(ProjectConfigurationPlatforms) = postSolution
		{7CE60BE6-B63F-40C1-86FF-031B8A74B6D1}.Debug|Any CPU.ActiveCfg = Debug|Any CPU
		{7CE60BE6-B63F-40C1-86FF-031B8A74B6D1}.Debug|Any CPU.Build.0 = Debug|Any CPU
		{7CE60BE6-B63F-40C1-86FF-031B8A74B6D1}.Release|Any CPU.ActiveCfg = Release|Any CPU
		{7CE60BE6-B63F-40C1-86FF-031B8A74B6D1}.Release|Any CPU.Build.0 = Release|Any CPU
		{9C63F018-F995-400A-A473-B73FD3F52597}.Debug|Any CPU.ActiveCfg = Debug|Any CPU
		{9C63F018-F995-400A-A473-B73FD3F52597}.Debug|Any CPU.Build.0 = Debug|Any CPU
		{9C63F018-F995-400A-A473-B73FD3F52597}.Release|Any CPU.ActiveCfg = Release|Any CPU
		{9C63F018-F995-400A-A473-B73FD3F52597}.Release|Any CPU.Build.0 = Release|Any CPU
	EndGlobalSection
	GlobalSection(SolutionProperties) = preSolution
		HideSolutionNode = FALSE
	EndGlobalSection
	GlobalSection(ExtensibilityGlobals) = postSolution
		SolutionGuid = {6C8CF525-DBAD-4E2C-A440-7697EBAB3815}
	EndGlobalSection
EndGlobal
